# This file is autogenerated, do not edit; changes may be undone by the next 'dep ensure'.


[[projects]]
  branch = "master"
  name = "github.com/JamTools/goff"
  packages = [
    "ffmpeg",
    "ffprobe",
    "fsutil"
  ]
  revision = "1a879854921cbb2b613ef3d490aab84404280b39"

[solve-meta]
  analyzer-name = "dep"
  analyzer-version = 1
  inputs-digest = "d013f575a3692709d1c4af54c6a03c3798344e66e0bce1ad550ef05702fce0e6"
  solver-name = "gps-cdcl"
  solver-version = 1
