# This file is autogenerated, do not edit; changes may be undone by the next 'dep ensure'.


[[projects]]
  branch = "master"
  name = "github.com/jamlib/libaudio"
  packages = [
    "ffmpeg",
    "ffprobe",
    "fsutil"
  ]
  revision = "241460a81e5e2b18838ddad0d13c11cba4599dc6"

[solve-meta]
  analyzer-name = "dep"
  analyzer-version = 1
  inputs-digest = "1641a57ff592566b90ca79eefbb6cb1b1bf1e054f8e0ac322be1356727e07ad5"
  solver-name = "gps-cdcl"
  solver-version = 1
