# This file is autogenerated, do not edit; changes may be undone by the next 'dep ensure'.


[[projects]]
  branch = "master"
  name = "github.com/JamTools/goff"
  packages = [
    "ffmpeg",
    "ffprobe"
  ]
  revision = "800d0696ac69671eea34f6956e27c5d014a49c60"

[solve-meta]
  analyzer-name = "dep"
  analyzer-version = 1
  inputs-digest = "fa6801e4286bec3c22c17f2713ecfea6325387ff160b05e2d8c07aab60e55af0"
  solver-name = "gps-cdcl"
  solver-version = 1
